
Microsoft Visual Studio Solution File, Format Version 12.00
# Visual Studio 2012
Project("{FAE04EC0-301F-11D3-BF4B-00C04F79EFBC}") = "WebService", "WebService\WebService.csproj", "{6AF2518A-4449-4C9E-BAB3-D475CF8F6ED4}"
EndProject
Project("{FAE04EC0-301F-11D3-BF4B-00C04F79EFBC}") = "Utilities", "Utilities\Utilities.csproj", "{B906D927-41E9-4DB2-B055-0F1F1B689593}"
EndProject
Project("{FAE04EC0-301F-11D3-BF4B-00C04F79EFBC}") = "WhitePagesAddressLookup", "WhitePagesAddressLookup\WhitePagesAddressLookup.csproj", "{7405F0BC-522B-43A8-9368-5EFF8538A37D}"
EndProject
Global
	GlobalSection(SolutionConfigurationPlatforms) = preSolution
		Debug|Any CPU = Debug|Any CPU
		Release|Any CPU = Release|Any CPU
	EndGlobalSection
	GlobalSection(ProjectConfigurationPlatforms) = postSolution
		{6AF2518A-4449-4C9E-BAB3-D475CF8F6ED4}.Debug|Any CPU.ActiveCfg = Debug|Any CPU
		{6AF2518A-4449-4C9E-BAB3-D475CF8F6ED4}.Debug|Any CPU.Build.0 = Debug|Any CPU
		{6AF2518A-4449-4C9E-BAB3-D475CF8F6ED4}.Release|Any CPU.ActiveCfg = Release|Any CPU
		{6AF2518A-4449-4C9E-BAB3-D475CF8F6ED4}.Release|Any CPU.Build.0 = Release|Any CPU
		{B906D927-41E9-4DB2-B055-0F1F1B689593}.Debug|Any CPU.ActiveCfg = Debug|Any CPU
		{B906D927-41E9-4DB2-B055-0F1F1B689593}.Debug|Any CPU.Build.0 = Debug|Any CPU
		{B906D927-41E9-4DB2-B055-0F1F1B689593}.Release|Any CPU.ActiveCfg = Release|Any CPU
		{B906D927-41E9-4DB2-B055-0F1F1B689593}.Release|Any CPU.Build.0 = Release|Any CPU
		{7405F0BC-522B-43A8-9368-5EFF8538A37D}.Debug|Any CPU.ActiveCfg = Debug|Any CPU
		{7405F0BC-522B-43A8-9368-5EFF8538A37D}.Debug|Any CPU.Build.0 = Debug|Any CPU
		{7405F0BC-522B-43A8-9368-5EFF8538A37D}.Release|Any CPU.ActiveCfg = Release|Any CPU
		{7405F0BC-522B-43A8-9368-5EFF8538A37D}.Release|Any CPU.Build.0 = Release|Any CPU
	EndGlobalSection
	GlobalSection(SolutionProperties) = preSolution
		HideSolutionNode = FALSE
	EndGlobalSection
EndGlobal
